<?xml version="1.0" encoding="utf-8"?>
<Project ToolsVersion="4.0" xmlns="http://schemas.microsoft.com/developer/msbuild/2003">
  <ItemGroup>
    <Filter Include="Source Files">
      <UniqueIdentifier>{4FC737F1-C7A5-4376-A066-2A32D752A2FF}</UniqueIdentifier>
      <Extensions>cpp;c;cc;cxx;c++;cppm;ixx;def;odl;idl;hpj;bat;asm;asmx</Extensions>
    </Filter>
    <Filter Include="Header Files">
      <UniqueIdentifier>{93995380-89BD-4b04-88EB-625FBE52EBFB}</UniqueIdentifier>
      <Extensions>h;hh;hpp;hxx;h++;hm;inl;inc;ipp;xsd</Extensions>
    </Filter>
    <Filter Include="Resource Files">
      <UniqueIdentifier>{67DA6AB6-F800-4c08-8B7A-83BB121AAD01}</UniqueIdentifier>
      <Extensions>rc;ico;cur;bmp;dlg;rc2;rct;bin;rgs;gif;jpg;jpeg;jpe;resx;tiff;tif;png;wav;mfcribbon-ms</Extensions>
    </Filter>
  </ItemGroup>
  <ItemGroup>
    <ClInclude Include="YachtDicePrototype2.h">
      <Filter>Header Files</Filter>
    </ClInclude>
    <ClInclude Include="YachtDicePrototype2Dlg.h">
      <Filter>Header Files</Filter>
    </ClInclude>
    <ClInclude Include="framework.h">
      <Filter>Header Files</Filter>
    </ClInclude>
    <ClInclude Include="targetver.h">
      <Filter>Header Files</Filter>
    </ClInclude>
    <ClInclude Include="Resource.h">
      <Filter>Header Files</Filter>
    </ClInclude>
    <ClInclude Include="pch.h">
      <Filter>Header Files</Filter>
    </ClInclude>
    <ClInclude Include="CTutorial.h">
      <Filter>Header Files</Filter>
    </ClInclude>
    <ClInclude Include="CNameSetting.h">
      <Filter>Header Files</Filter>
    </ClInclude>
    <ClInclude Include="YachtDice1Dlg.h">
      <Filter>Header Files</Filter>
    </ClInclude>
  </ItemGroup>
  <ItemGroup>
    <ClCompile Include="YachtDicePrototype2.cpp">
      <Filter>Source Files</Filter>
    </ClCompile>
    <ClCompile Include="YachtDicePrototype2Dlg.cpp">
      <Filter>Source Files</Filter>
    </ClCompile>
    <ClCompile Include="pch.cpp">
      <Filter>Source Files</Filter>
    </ClCompile>
    <ClCompile Include="CTutorial.cpp">
      <Filter>Source Files</Filter>
    </ClCompile>
    <ClCompile Include="CNameSetting.cpp">
      <Filter>Source Files</Filter>
    </ClCompile>
    <ClCompile Include="YachtDice1Dlg.cpp">
      <Filter>Source Files</Filter>
    </ClCompile>
  </ItemGroup>
  <ItemGroup>
    <ResourceCompile Include="YachtDicePrototype2.rc">
      <Filter>Resource Files</Filter>
    </ResourceCompile>
  </ItemGroup>
  <ItemGroup>
    <None Include="res\YachtDicePrototype2.rc2">
      <Filter>Resource Files</Filter>
    </None>
  </ItemGroup>
  <ItemGroup>
    <Image Include="res\YachtDicePrototype2.ico">
      <Filter>Resource Files</Filter>
    </Image>
    <Image Include="SINGLE.bmp">
      <Filter>Resource Files</Filter>
    </Image>
    <Image Include="DUAL.bmp">
      <Filter>Resource Files</Filter>
    </Image>
    <Image Include="qMark.bmp">
      <Filter>Resource Files</Filter>
    </Image>
    <Image Include="START.bmp">
      <Filter>Resource Files</Filter>
    </Image>
    <Image Include="..\..\..\..\..\Downloads\YachtDice1-main (1)\YachtDice1-main\YachtDice1\res\dice_1.bmp">
      <Filter>Resource Files</Filter>
    </Image>
    <Image Include="..\..\..\..\..\Downloads\YachtDice1-main (1)\YachtDice1-main\YachtDice1\res\dice_2.bmp">
      <Filter>Resource Files</Filter>
    </Image>
    <Image Include="..\..\..\..\..\Downloads\YachtDice1-main (1)\YachtDice1-main\YachtDice1\res\dice_3.bmp">
      <Filter>Resource Files</Filter>
    </Image>
    <Image Include="..\..\..\..\..\Downloads\YachtDice1-main (1)\YachtDice1-main\YachtDice1\res\dice_4.bmp">
      <Filter>Resource Files</Filter>
    </Image>
    <Image Include="..\..\..\..\..\Downloads\YachtDice1-main (1)\YachtDice1-main\YachtDice1\res\dice_5.bmp">
      <Filter>Resource Files</Filter>
    </Image>
    <Image Include="..\..\..\..\..\Downloads\YachtDice1-main (1)\YachtDice1-main\YachtDice1\res\dice_6.bmp">
      <Filter>Resource Files</Filter>
    </Image>
    <Image Include="..\..\..\..\..\Downloads\YachtDice1-main (1)\YachtDice1-main\YachtDice1\res\playBackground.bmp">
      <Filter>Resource Files</Filter>
    </Image>
    <Image Include="..\..\..\..\..\Downloads\YachtDice1-main (1)\YachtDice1-main\YachtDice1\res\Reroll.bmp">
      <Filter>Resource Files</Filter>
    </Image>
    <Image Include="..\..\..\..\..\Downloads\YachtDice1-main (1)\YachtDice1-main\YachtDice1\res\ROLL.bmp">
      <Filter>Resource Files</Filter>
    </Image>
    <Image Include="..\..\..\..\..\Downloads\YachtDice1-main (1)\YachtDice1-main\YachtDice1\res\ChooseCategory.bmp">
      <Filter>Resource Files</Filter>
    </Image>
    <Image Include="res\bitmap5.bmp">
      <Filter>Resource Files</Filter>
    </Image>
    <Image Include="Enter your username.bmp">
      <Filter>Resource Files</Filter>
    </Image>
    <Image Include="ChooseCategory.bmp">
      <Filter>Resource Files</Filter>
    </Image>
    <Image Include="dice_1.bmp">
      <Filter>Resource Files</Filter>
    </Image>
    <Image Include="dice_2.bmp">
      <Filter>Resource Files</Filter>
    </Image>
    <Image Include="dice_3.bmp">
      <Filter>Resource Files</Filter>
    </Image>
    <Image Include="dice_4.bmp">
      <Filter>Resource Files</Filter>
    </Image>
    <Image Include="dice_5.bmp">
      <Filter>Resource Files</Filter>
    </Image>
    <Image Include="dice_6.bmp">
      <Filter>Resource Files</Filter>
    </Image>
    <Image Include="playBackground.bmp">
      <Filter>Resource Files</Filter>
    </Image>
    <Image Include="Reroll.bmp">
      <Filter>Resource Files</Filter>
    </Image>
    <Image Include="ROLL.bmp">
      <Filter>Resource Files</Filter>
    </Image>
  </ItemGroup>
</Project>